
Microsoft Visual Studio Solution File, Format Version 12.00
# Visual Studio Version 17
VisualStudioVersion = 17.4.32804.182
MinimumVisualStudioVersion = 10.0.40219.1
Project("{9A19103F-16F7-4668-BE54-9A1E7A4F7556}") = "OpenLyricsClient", "OpenLyricsClient\OpenLyricsClient.csproj", "{74C7EDB4-60C1-4171-821D-907AE104431F}"
EndProject
Project("{FAE04EC0-301F-11D3-BF4B-00C04F79EFBC}") = "OpenLyricsClient.Shared", "OpenLyricsClient.Shared\OpenLyricsClient.Shared.csproj", "{2E60814E-9ACF-4118-AC61-8D1638666264}"
EndProject
Project("{FAE04EC0-301F-11D3-BF4B-00C04F79EFBC}") = "OpenLyricsClient.Plugin", "OpenLyricsClient.Plugin\OpenLyricsClient.Plugin.csproj", "{501B287D-47AD-453C-8DFB-DDD46BFFBC0A}"
EndProject
Project("{FAE04EC0-301F-11D3-BF4B-00C04F79EFBC}") = "OpenLyricsClient.Auth", "OpenLyricsClient.Auth\OpenLyricsClient.Auth.csproj", "{71FE24BC-319F-43DA-8B63-3BDF144348D1}"
EndProject
Project("{FAE04EC0-301F-11D3-BF4B-00C04F79EFBC}") = "OpenLyricsClient.Logic", "OpenLyricsClient.Logic\OpenLyricsClient.Logic.csproj", "{3B1F56D9-5D4F-46FD-8586-582A1878F666}"
EndProject
Global
	GlobalSection(SolutionConfigurationPlatforms) = preSolution
		Debug|Any CPU = Debug|Any CPU
		Release|Any CPU = Release|Any CPU
	EndGlobalSection
	GlobalSection(ProjectConfigurationPlatforms) = postSolution
		{74C7EDB4-60C1-4171-821D-907AE104431F}.Debug|Any CPU.ActiveCfg = Debug|Any CPU
		{74C7EDB4-60C1-4171-821D-907AE104431F}.Debug|Any CPU.Build.0 = Debug|Any CPU
		{74C7EDB4-60C1-4171-821D-907AE104431F}.Release|Any CPU.ActiveCfg = Release|Any CPU
		{74C7EDB4-60C1-4171-821D-907AE104431F}.Release|Any CPU.Build.0 = Release|Any CPU
		{2E60814E-9ACF-4118-AC61-8D1638666264}.Debug|Any CPU.ActiveCfg = Debug|Any CPU
		{2E60814E-9ACF-4118-AC61-8D1638666264}.Debug|Any CPU.Build.0 = Debug|Any CPU
		{2E60814E-9ACF-4118-AC61-8D1638666264}.Release|Any CPU.ActiveCfg = Release|Any CPU
		{2E60814E-9ACF-4118-AC61-8D1638666264}.Release|Any CPU.Build.0 = Release|Any CPU
		{501B287D-47AD-453C-8DFB-DDD46BFFBC0A}.Debug|Any CPU.ActiveCfg = Debug|Any CPU
		{501B287D-47AD-453C-8DFB-DDD46BFFBC0A}.Debug|Any CPU.Build.0 = Debug|Any CPU
		{501B287D-47AD-453C-8DFB-DDD46BFFBC0A}.Release|Any CPU.ActiveCfg = Release|Any CPU
		{501B287D-47AD-453C-8DFB-DDD46BFFBC0A}.Release|Any CPU.Build.0 = Release|Any CPU
		{71FE24BC-319F-43DA-8B63-3BDF144348D1}.Debug|Any CPU.ActiveCfg = Debug|Any CPU
		{71FE24BC-319F-43DA-8B63-3BDF144348D1}.Debug|Any CPU.Build.0 = Debug|Any CPU
		{71FE24BC-319F-43DA-8B63-3BDF144348D1}.Release|Any CPU.ActiveCfg = Release|Any CPU
		{71FE24BC-319F-43DA-8B63-3BDF144348D1}.Release|Any CPU.Build.0 = Release|Any CPU
		{3B1F56D9-5D4F-46FD-8586-582A1878F666}.Debug|Any CPU.ActiveCfg = Debug|Any CPU
		{3B1F56D9-5D4F-46FD-8586-582A1878F666}.Debug|Any CPU.Build.0 = Debug|Any CPU
		{3B1F56D9-5D4F-46FD-8586-582A1878F666}.Release|Any CPU.ActiveCfg = Release|Any CPU
		{3B1F56D9-5D4F-46FD-8586-582A1878F666}.Release|Any CPU.Build.0 = Release|Any CPU
	EndGlobalSection
	GlobalSection(SolutionProperties) = preSolution
		HideSolutionNode = FALSE
	EndGlobalSection
	GlobalSection(ExtensibilityGlobals) = postSolution
		SolutionGuid = {08751F72-64F2-4C07-8AB6-59E163940581}
	EndGlobalSection
EndGlobal
